
Microsoft Visual Studio Solution File, Format Version 12.00
# Visual Studio Version 17
VisualStudioVersion = 17.0.32112.339
MinimumVisualStudioVersion = 10.0.40219.1
Project("{FAE04EC0-301F-11D3-BF4B-00C04F79EFBC}") = "B7Biblioteka2.formaXML", "B7Biblioteka2.formaXML\B7Biblioteka2.formaXML.csproj", "{AD2409A4-91B0-4606-8650-9495F01E71BA}"
EndProject
Global
	GlobalSection(SolutionConfigurationPlatforms) = preSolution
		Debug|Any CPU = Debug|Any CPU
		Release|Any CPU = Release|Any CPU
	EndGlobalSection
	GlobalSection(ProjectConfigurationPlatforms) = postSolution
		{AD2409A4-91B0-4606-8650-9495F01E71BA}.Debug|Any CPU.ActiveCfg = Debug|Any CPU
		{AD2409A4-91B0-4606-8650-9495F01E71BA}.Debug|Any CPU.Build.0 = Debug|Any CPU
		{AD2409A4-91B0-4606-8650-9495F01E71BA}.Release|Any CPU.ActiveCfg = Release|Any CPU
		{AD2409A4-91B0-4606-8650-9495F01E71BA}.Release|Any CPU.Build.0 = Release|Any CPU
	EndGlobalSection
	GlobalSection(SolutionProperties) = preSolution
		HideSolutionNode = FALSE
	EndGlobalSection
	GlobalSection(ExtensibilityGlobals) = postSolution
		SolutionGuid = {FA0A3FB2-8EBE-4CBE-8857-5AA66D1CBB94}
	EndGlobalSection
EndGlobal
